
Microsoft Visual Studio Solution File, Format Version 12.00
# Visual Studio Version 17
VisualStudioVersion = 17.14.36202.13 d17.14
MinimumVisualStudioVersion = 10.0.40219.1
Project("{FAE04EC0-301F-11D3-BF4B-00C04F79EFBC}") = "Tarih ve Saat2", "Tarih ve Saat2\Tarih ve Saat2.csproj", "{A7157B96-2568-430E-A5F5-66DFED986FE9}"
EndProject
Global
	GlobalSection(SolutionConfigurationPlatforms) = preSolution
		Debug|Any CPU = Debug|Any CPU
		Release|Any CPU = Release|Any CPU
	EndGlobalSection
	GlobalSection(ProjectConfigurationPlatforms) = postSolution
		{A7157B96-2568-430E-A5F5-66DFED986FE9}.Debug|Any CPU.ActiveCfg = Debug|Any CPU
		{A7157B96-2568-430E-A5F5-66DFED986FE9}.Debug|Any CPU.Build.0 = Debug|Any CPU
		{A7157B96-2568-430E-A5F5-66DFED986FE9}.Release|Any CPU.ActiveCfg = Release|Any CPU
		{A7157B96-2568-430E-A5F5-66DFED986FE9}.Release|Any CPU.Build.0 = Release|Any CPU
	EndGlobalSection
	GlobalSection(SolutionProperties) = preSolution
		HideSolutionNode = FALSE
	EndGlobalSection
	GlobalSection(ExtensibilityGlobals) = postSolution
		SolutionGuid = {F240C26F-ED7D-4177-87F3-6417C2940C34}
	EndGlobalSection
EndGlobal
